
Microsoft Visual Studio Solution File, Format Version 12.00
# Visual Studio Version 17
VisualStudioVersion = 17.10.35013.160
MinimumVisualStudioVersion = 10.0.40219.1
Project("{FAE04EC0-301F-11D3-BF4B-00C04F79EFBC}") = "Practice1_Git", "src\Practice1_Git\Practice1_Git.csproj", "{C721F1B4-2564-4E8E-838D-3DC8DB4B67EC}"
EndProject
Project("{FAE04EC0-301F-11D3-BF4B-00C04F79EFBC}") = "Practice2_Basics", "src\Practice2_Basics\Practice2_Basics.csproj", "{6BB78E63-3D27-47EB-8336-883CC9D0A5D0}"
EndProject
Project("{FAE04EC0-301F-11D3-BF4B-00C04F79EFBC}") = "Practice3_DelegatesEventsExceptions", "src\Practice3_DelegatesEventsExceptions\Practice3_DelegatesEventsExceptions.csproj", "{B005601F-9917-4D37-9266-EA2E061C5D14}"
EndProject
Global
	GlobalSection(SolutionConfigurationPlatforms) = preSolution
		Debug|Any CPU = Debug|Any CPU
		Release|Any CPU = Release|Any CPU
	EndGlobalSection
	GlobalSection(ProjectConfigurationPlatforms) = postSolution
		{C721F1B4-2564-4E8E-838D-3DC8DB4B67EC}.Debug|Any CPU.ActiveCfg = Debug|Any CPU
		{C721F1B4-2564-4E8E-838D-3DC8DB4B67EC}.Debug|Any CPU.Build.0 = Debug|Any CPU
		{C721F1B4-2564-4E8E-838D-3DC8DB4B67EC}.Release|Any CPU.ActiveCfg = Release|Any CPU
		{C721F1B4-2564-4E8E-838D-3DC8DB4B67EC}.Release|Any CPU.Build.0 = Release|Any CPU
		{6BB78E63-3D27-47EB-8336-883CC9D0A5D0}.Debug|Any CPU.ActiveCfg = Debug|Any CPU
		{6BB78E63-3D27-47EB-8336-883CC9D0A5D0}.Debug|Any CPU.Build.0 = Debug|Any CPU
		{6BB78E63-3D27-47EB-8336-883CC9D0A5D0}.Release|Any CPU.ActiveCfg = Release|Any CPU
		{6BB78E63-3D27-47EB-8336-883CC9D0A5D0}.Release|Any CPU.Build.0 = Release|Any CPU
		{B005601F-9917-4D37-9266-EA2E061C5D14}.Debug|Any CPU.ActiveCfg = Debug|Any CPU
		{B005601F-9917-4D37-9266-EA2E061C5D14}.Debug|Any CPU.Build.0 = Debug|Any CPU
		{B005601F-9917-4D37-9266-EA2E061C5D14}.Release|Any CPU.ActiveCfg = Release|Any CPU
		{B005601F-9917-4D37-9266-EA2E061C5D14}.Release|Any CPU.Build.0 = Release|Any CPU
	EndGlobalSection
	GlobalSection(SolutionProperties) = preSolution
		HideSolutionNode = FALSE
	EndGlobalSection
	GlobalSection(ExtensibilityGlobals) = postSolution
		SolutionGuid = {702FE169-8A50-4BAF-ACB9-99D5535C679B}
	EndGlobalSection
EndGlobal
