
Microsoft Visual Studio Solution File, Format Version 12.00
# Visual Studio Version 17
VisualStudioVersion = 17.10.35013.160
MinimumVisualStudioVersion = 10.0.40219.1
Project("{FAE04EC0-301F-11D3-BF4B-00C04F79EFBC}") = "Practice1_Git", "src\Practice1_Git\Practice1_Git.csproj", "{C721F1B4-2564-4E8E-838D-3DC8DB4B67EC}"
EndProject
Project("{FAE04EC0-301F-11D3-BF4B-00C04F79EFBC}") = "Practice2_Basics", "src\Practice2_Basics\Practice2_Basics.csproj", "{6BB78E63-3D27-47EB-8336-883CC9D0A5D0}"
EndProject
Project("{9A19103F-16F7-4668-BE54-9A1E7A4F7556}") = "Practice3_DelegatesEventsException", "src\Practice3_DelegatesEventsException\Practice3_DelegatesEventsException.csproj", "{3F78EF6C-3AA3-4584-AFDE-CC052F6AF860}"
EndProject
Project("{9A19103F-16F7-4668-BE54-9A1E7A4F7556}") = "Practice6_LINQ", "src\Practice6_LINQ\Practice6_LINQ.csproj", "{E5644344-7C48-40D7-A63E-4EFD6F5FD4E3}"
EndProject
Global
	GlobalSection(SolutionConfigurationPlatforms) = preSolution
		Debug|Any CPU = Debug|Any CPU
		Release|Any CPU = Release|Any CPU
	EndGlobalSection
	GlobalSection(ProjectConfigurationPlatforms) = postSolution
		{C721F1B4-2564-4E8E-838D-3DC8DB4B67EC}.Debug|Any CPU.ActiveCfg = Debug|Any CPU
		{C721F1B4-2564-4E8E-838D-3DC8DB4B67EC}.Debug|Any CPU.Build.0 = Debug|Any CPU
		{C721F1B4-2564-4E8E-838D-3DC8DB4B67EC}.Release|Any CPU.ActiveCfg = Release|Any CPU
		{C721F1B4-2564-4E8E-838D-3DC8DB4B67EC}.Release|Any CPU.Build.0 = Release|Any CPU
		{6BB78E63-3D27-47EB-8336-883CC9D0A5D0}.Debug|Any CPU.ActiveCfg = Debug|Any CPU
		{6BB78E63-3D27-47EB-8336-883CC9D0A5D0}.Debug|Any CPU.Build.0 = Debug|Any CPU
		{6BB78E63-3D27-47EB-8336-883CC9D0A5D0}.Release|Any CPU.ActiveCfg = Release|Any CPU
		{6BB78E63-3D27-47EB-8336-883CC9D0A5D0}.Release|Any CPU.Build.0 = Release|Any CPU
		{3F78EF6C-3AA3-4584-AFDE-CC052F6AF860}.Debug|Any CPU.ActiveCfg = Debug|Any CPU
		{3F78EF6C-3AA3-4584-AFDE-CC052F6AF860}.Debug|Any CPU.Build.0 = Debug|Any CPU
		{3F78EF6C-3AA3-4584-AFDE-CC052F6AF860}.Release|Any CPU.ActiveCfg = Release|Any CPU
		{3F78EF6C-3AA3-4584-AFDE-CC052F6AF860}.Release|Any CPU.Build.0 = Release|Any CPU
		{E5644344-7C48-40D7-A63E-4EFD6F5FD4E3}.Debug|Any CPU.ActiveCfg = Debug|Any CPU
		{E5644344-7C48-40D7-A63E-4EFD6F5FD4E3}.Debug|Any CPU.Build.0 = Debug|Any CPU
		{E5644344-7C48-40D7-A63E-4EFD6F5FD4E3}.Release|Any CPU.ActiveCfg = Release|Any CPU
		{E5644344-7C48-40D7-A63E-4EFD6F5FD4E3}.Release|Any CPU.Build.0 = Release|Any CPU
	EndGlobalSection
	GlobalSection(SolutionProperties) = preSolution
		HideSolutionNode = FALSE
	EndGlobalSection
	GlobalSection(ExtensibilityGlobals) = postSolution
		SolutionGuid = {702FE169-8A50-4BAF-ACB9-99D5535C679B}
	EndGlobalSection
EndGlobal
